
Microsoft Visual Studio Solution File, Format Version 12.00
# Visual Studio 2012
Project("{FAE04EC0-301F-11D3-BF4B-00C04F79EFBC}") = "BloodBank", "BloodBank\BloodBank.csproj", "{CE9A902E-3931-461E-BA0A-2E67CDA28A93}"
EndProject
Global
	GlobalSection(SolutionConfigurationPlatforms) = preSolution
		Debug|Any CPU = Debug|Any CPU
		Release|Any CPU = Release|Any CPU
	EndGlobalSection
	GlobalSection(ProjectConfigurationPlatforms) = postSolution
		{CE9A902E-3931-461E-BA0A-2E67CDA28A93}.Debug|Any CPU.ActiveCfg = Debug|Any CPU
		{CE9A902E-3931-461E-BA0A-2E67CDA28A93}.Debug|Any CPU.Build.0 = Debug|Any CPU
		{CE9A902E-3931-461E-BA0A-2E67CDA28A93}.Release|Any CPU.ActiveCfg = Release|Any CPU
		{CE9A902E-3931-461E-BA0A-2E67CDA28A93}.Release|Any CPU.Build.0 = Release|Any CPU
	EndGlobalSection
	GlobalSection(SolutionProperties) = preSolution
		HideSolutionNode = FALSE
	EndGlobalSection
EndGlobal
